{
  "name": "juicy-repl",
  "version": "0.1.0",
  "lockfileVersion": 1,
  "requires": true,
  "dependencies": {
    "guid": {
      "version": "0.0.9",
      "resolved": "https://registry.npmjs.org/guid/-/guid-0.0.9.tgz",
      "integrity": "sha1-I5JvJJC2w3B28I+pyqBPhROxvds=",
      "dev": true
    }
  }
}
